
Microsoft Visual Studio Solution File, Format Version 12.00
# Visual Studio Version 17
VisualStudioVersion = 17.7.34031.279
MinimumVisualStudioVersion = 10.0.40219.1
Project("{FAE04EC0-301F-11D3-BF4B-00C04F79EFBC}") = "CovarianceAndContravarianceDelegateExample", "CovarianceAndContravarianceDelegateExample\CovarianceAndContravarianceDelegateExample.csproj", "{4E3081E9-C905-4318-90D9-D8D588020A1A}"
EndProject
Global
	GlobalSection(SolutionConfigurationPlatforms) = preSolution
		Debug|Any CPU = Debug|Any CPU
		Release|Any CPU = Release|Any CPU
	EndGlobalSection
	GlobalSection(ProjectConfigurationPlatforms) = postSolution
		{4E3081E9-C905-4318-90D9-D8D588020A1A}.Debug|Any CPU.ActiveCfg = Debug|Any CPU
		{4E3081E9-C905-4318-90D9-D8D588020A1A}.Debug|Any CPU.Build.0 = Debug|Any CPU
		{4E3081E9-C905-4318-90D9-D8D588020A1A}.Release|Any CPU.ActiveCfg = Release|Any CPU
		{4E3081E9-C905-4318-90D9-D8D588020A1A}.Release|Any CPU.Build.0 = Release|Any CPU
	EndGlobalSection
	GlobalSection(SolutionProperties) = preSolution
		HideSolutionNode = FALSE
	EndGlobalSection
	GlobalSection(ExtensibilityGlobals) = postSolution
		SolutionGuid = {2C9C7C2F-50CC-429D-8852-CA07D180264E}
	EndGlobalSection
EndGlobal
